
Microsoft Visual Studio Solution File, Format Version 12.00
# Visual Studio 15
VisualStudioVersion = 15.0.28307.902
MinimumVisualStudioVersion = 10.0.40219.1
Project("{FAE04EC0-301F-11D3-BF4B-00C04F79EFBC}") = "EricBach.CQRS.EventStore", "EricBach.CQRS.EventStore\EricBach.CQRS.EventStore.csproj", "{AD8F0F2B-89A5-4DF8-9FB2-FF2298691484}"
EndProject
Global
	GlobalSection(SolutionConfigurationPlatforms) = preSolution
		Debug|Any CPU = Debug|Any CPU
		Release|Any CPU = Release|Any CPU
	EndGlobalSection
	GlobalSection(ProjectConfigurationPlatforms) = postSolution
		{AD8F0F2B-89A5-4DF8-9FB2-FF2298691484}.Debug|Any CPU.ActiveCfg = Debug|Any CPU
		{AD8F0F2B-89A5-4DF8-9FB2-FF2298691484}.Debug|Any CPU.Build.0 = Debug|Any CPU
		{AD8F0F2B-89A5-4DF8-9FB2-FF2298691484}.Release|Any CPU.ActiveCfg = Release|Any CPU
		{AD8F0F2B-89A5-4DF8-9FB2-FF2298691484}.Release|Any CPU.Build.0 = Release|Any CPU
	EndGlobalSection
	GlobalSection(SolutionProperties) = preSolution
		HideSolutionNode = FALSE
	EndGlobalSection
	GlobalSection(ExtensibilityGlobals) = postSolution
		SolutionGuid = {7FA4B298-F0DB-43D6-8BAE-9578D8F54AEC}
	EndGlobalSection
EndGlobal
